{
  "name": "opencode",
  "lockfileVersion": 3,
  "requires": true,
  "packages": {
    "": {
      "dependencies": {
        "@opencode-ai/plugin": "1.3.17",
        "opencode-ai": "^1.3.17",
        "opencode-minimax-easy-vision": "^1.3.0"
      }
    },
    "node_modules/@opencode-ai/plugin": {
      "version": "1.3.17",
      "resolved": "https://registry.npmjs.org/@opencode-ai/plugin/-/plugin-1.3.17.tgz",
      "integrity": "sha512-N5lckFtYvEu2R8K1um//MIOTHsJHniF2kHoPIWPCrxKG5Jpismt1ISGzIiU3aKI2ht/9VgcqKPC5oZFLdmpxPw==",
      "license": "MIT",
      "dependencies": {
        "@opencode-ai/sdk": "1.3.17",
        "zod": "4.1.8"
      },
      "peerDependencies": {
        "@opentui/core": ">=0.1.96",
        "@opentui/solid": ">=0.1.96"
      },
      "peerDependenciesMeta": {
        "@opentui/core": {
          "optional": true
        },
        "@opentui/solid": {
          "optional": true
        }
      }
    },
    "node_modules/@opencode-ai/sdk": {
      "version": "1.3.17",
      "resolved": "https://registry.npmjs.org/@opencode-ai/sdk/-/sdk-1.3.17.tgz",
      "integrity": "sha512-2+MGgu7wynqTBwxezR01VAGhILXlpcHDY/pF7SWB87WOgLt3kD55HjKHNj6PWxyY8n575AZolR95VUC3gtwfmA==",
      "license": "MIT",
      "dependencies": {
        "cross-spawn": "7.0.6"
      }
    },
    "node_modules/cross-spawn": {
      "version": "7.0.6",
      "resolved": "https://registry.npmjs.org/cross-spawn/-/cross-spawn-7.0.6.tgz",
      "integrity": "sha512-uV2QOWP2nWzsy2aMp8aRibhi9dlzF5Hgh5SHaB9OiTGEyDTiJJyx0uy51QXdyWbtAHNua4XJzUKca3OzKUd3vA==",
      "license": "MIT",
      "dependencies": {
        "path-key": "^3.1.0",
        "shebang-command": "^2.0.0",
        "which": "^2.0.1"
      },
      "engines": {
        "node": ">= 8"
      }
    },
    "node_modules/isexe": {
      "version": "2.0.0",
      "resolved": "https://registry.npmjs.org/isexe/-/isexe-2.0.0.tgz",
      "integrity": "sha512-RHxMLp9lnKHGHRng9QFhRCMbYAcVpn69smSGcq3f36xjgVVWThj4qqLbTLlq7Ssj8B+fIQ1EuCEGI2lKsyQeIw==",
      "license": "ISC"
    },
    "node_modules/opencode-ai": {
      "version": "1.3.17",
      "resolved": "https://registry.npmjs.org/opencode-ai/-/opencode-ai-1.3.17.tgz",
      "integrity": "sha512-2Awq2za4kLPG9wxFHFmqcmoveTSTeyq7Q3GJ8PoQahjWU17yCjuyJUclouFULzaZgqA8atHOyT/3eUHigMc8Cw==",
      "hasInstallScript": true,
      "license": "MIT",
      "bin": {
        "opencode": "bin/opencode"
      },
      "optionalDependencies": {
        "opencode-darwin-arm64": "1.3.17",
        "opencode-darwin-x64": "1.3.17",
        "opencode-darwin-x64-baseline": "1.3.17",
        "opencode-linux-arm64": "1.3.17",
        "opencode-linux-arm64-musl": "1.3.17",
        "opencode-linux-x64": "1.3.17",
        "opencode-linux-x64-baseline": "1.3.17",
        "opencode-linux-x64-baseline-musl": "1.3.17",
        "opencode-linux-x64-musl": "1.3.17",
        "opencode-windows-arm64": "1.3.17",
        "opencode-windows-x64": "1.3.17",
        "opencode-windows-x64-baseline": "1.3.17"
      }
    },
    "node_modules/opencode-darwin-arm64": {
      "version": "1.3.17",
      "resolved": "https://registry.npmjs.org/opencode-darwin-arm64/-/opencode-darwin-arm64-1.3.17.tgz",
      "integrity": "sha512-aaMXeNQRPLdGPoxULFty1kxYxT2qPXCiqftYbLF2SQN9Xjq8BR3BjA766ncae1hdiDJJAe1CSpWDbobn5K+oyA==",
      "cpu": [
        "arm64"
      ],
      "optional": true,
      "os": [
        "darwin"
      ]
    },
    "node_modules/opencode-darwin-x64": {
      "version": "1.3.17",
      "resolved": "https://registry.npmjs.org/opencode-darwin-x64/-/opencode-darwin-x64-1.3.17.tgz",
      "integrity": "sha512-fMlnOCtaMnwimdP81a3F7QK9GUwhrQnxaKuUZk31wYcGBGQKgSSdy2xK8CRLcaHEV8gLxSlcGJj7g4NTOrC9Tw==",
      "cpu": [
        "x64"
      ],
      "optional": true,
      "os": [
        "darwin"
      ]
    },
    "node_modules/opencode-darwin-x64-baseline": {
      "version": "1.3.17",
      "resolved": "https://registry.npmjs.org/opencode-darwin-x64-baseline/-/opencode-darwin-x64-baseline-1.3.17.tgz",
      "integrity": "sha512-ftEiCwzl6OjIqpXD075lHWHT1YKJjNDPvL1XlLDv86Wt4Noc818fl1lOWwg/LkNL04LoXD2oa3NGOJZYzd6STQ==",
      "cpu": [
        "x64"
      ],
      "optional": true,
      "os": [
        "darwin"
      ]
    },
    "node_modules/opencode-linux-arm64": {
      "version": "1.3.17",
      "resolved": "https://registry.npmjs.org/opencode-linux-arm64/-/opencode-linux-arm64-1.3.17.tgz",
      "integrity": "sha512-gd4kndxNwYi9kINyrTItY35M7UZ4jAXMxbbdbFnUBFYI009uv4bgNofnZnVOAFfjc0/PpxSgdNn9eHDjlJEdJQ==",
      "cpu": [
        "arm64"
      ],
      "optional": true,
      "os": [
        "linux"
      ]
    },
    "node_modules/opencode-linux-arm64-musl": {
      "version": "1.3.17",
      "resolved": "https://registry.npmjs.org/opencode-linux-arm64-musl/-/opencode-linux-arm64-musl-1.3.17.tgz",
      "integrity": "sha512-clD6K35+pP60xLiqCJFTTTpDK2XFahOlSo8TQckXCvCnYYwMqdK9sOO7uzDHLNyPIGLKiYNZTxqVazuGnbGmYQ==",
      "cpu": [
        "arm64"
      ],
      "optional": true,
      "os": [
        "linux"
      ]
    },
    "node_modules/opencode-linux-x64": {
      "version": "1.3.17",
      "resolved": "https://registry.npmjs.org/opencode-linux-x64/-/opencode-linux-x64-1.3.17.tgz",
      "integrity": "sha512-FmoKpX+g78qi4MPvRMWZMZZYKVuH7qkNFXEqGUb0wtixvwuWYvqmUeF9D0GLM/rZnGA33sW6nCkro8aCuyR0Bw==",
      "cpu": [
        "x64"
      ],
      "optional": true,
      "os": [
        "linux"
      ]
    },
    "node_modules/opencode-linux-x64-baseline": {
      "version": "1.3.17",
      "resolved": "https://registry.npmjs.org/opencode-linux-x64-baseline/-/opencode-linux-x64-baseline-1.3.17.tgz",
      "integrity": "sha512-OIp+jdr9Rus6kAVWgB8cuGMRPFVJdMwQvjOfprbgoM2KUIjgXKsXgyCmetKZIH/iadmVffjv7p6QrYWFDh6cBA==",
      "cpu": [
        "x64"
      ],
      "optional": true,
      "os": [
        "linux"
      ]
    },
    "node_modules/opencode-linux-x64-baseline-musl": {
      "version": "1.3.17",
      "resolved": "https://registry.npmjs.org/opencode-linux-x64-baseline-musl/-/opencode-linux-x64-baseline-musl-1.3.17.tgz",
      "integrity": "sha512-BiNu5B6QfohG+KwNcY3YlKR465DNke0nknRqn3Ke2APp6GghuimlnyEKcji1brhZsdjdembc79KWfQcsHlYsyA==",
      "cpu": [
        "x64"
      ],
      "optional": true,
      "os": [
        "linux"
      ]
    },
    "node_modules/opencode-linux-x64-musl": {
      "version": "1.3.17",
      "resolved": "https://registry.npmjs.org/opencode-linux-x64-musl/-/opencode-linux-x64-musl-1.3.17.tgz",
      "integrity": "sha512-/GfRB+vuadE6KAM0kxPQHno3ywxBfiRJp5uZLLKSGAEunXo9az1wkmSR97g4tnxHD4F59hjYOloK9XQQIDwgog==",
      "cpu": [
        "x64"
      ],
      "optional": true,
      "os": [
        "linux"
      ]
    },
    "node_modules/opencode-minimax-easy-vision": {
      "version": "1.3.0",
      "resolved": "https://registry.npmjs.org/opencode-minimax-easy-vision/-/opencode-minimax-easy-vision-1.3.0.tgz",
      "integrity": "sha512-C0m+iGfvRpNMp5saOlT1/w+44PSBVxG6e0ExJPeZnskmU7BY/dTu+8eVcSuFKgtoku/SG9uMPc3ScgjQxDVgKQ==",
      "license": "AGPL-3.0",
      "engines": {
        "node": ">=18.0.0"
      },
      "peerDependencies": {
        "@opencode-ai/plugin": ">=1.0.0"
      }
    },
    "node_modules/opencode-windows-arm64": {
      "version": "1.3.17",
      "resolved": "https://registry.npmjs.org/opencode-windows-arm64/-/opencode-windows-arm64-1.3.17.tgz",
      "integrity": "sha512-gXZ+JKwCUZ9yjVilvnn6zg5vvRy0oPgqIO6qyfvXiLXV+UWJaSTlXl6/4CeXOkvvYeXhLdCtIFii2jbQJjHR3g==",
      "cpu": [
        "arm64"
      ],
      "optional": true,
      "os": [
        "win32"
      ]
    },
    "node_modules/opencode-windows-x64": {
      "version": "1.3.17",
      "resolved": "https://registry.npmjs.org/opencode-windows-x64/-/opencode-windows-x64-1.3.17.tgz",
      "integrity": "sha512-+arPhczUa5NBH/thsKAxLmXgkB2WAxtj8Dd293GJZBBEXRhWF1jsXbLvGLY3qDBbvXm9XR7CkJqL1at344pQLw==",
      "cpu": [
        "x64"
      ],
      "optional": true,
      "os": [
        "win32"
      ]
    },
    "node_modules/opencode-windows-x64-baseline": {
      "version": "1.3.17",
      "resolved": "https://registry.npmjs.org/opencode-windows-x64-baseline/-/opencode-windows-x64-baseline-1.3.17.tgz",
      "integrity": "sha512-Q61MuJBTt+qLyClTEaqbCHh3Fivx0eZ1vHKlhEk7MfIdP/LoDbvSitNRUgtsU/C+ct5Y+c6JXOlxlaFFpqybeA==",
      "cpu": [
        "x64"
      ],
      "optional": true,
      "os": [
        "win32"
      ]
    },
    "node_modules/path-key": {
      "version": "3.1.1",
      "resolved": "https://registry.npmjs.org/path-key/-/path-key-3.1.1.tgz",
      "integrity": "sha512-ojmeN0qd+y0jszEtoY48r0Peq5dwMEkIlCOu6Q5f41lfkswXuKtYrhgoTpLnyIcHm24Uhqx+5Tqm2InSwLhE6Q==",
      "license": "MIT",
      "engines": {
        "node": ">=8"
      }
    },
    "node_modules/shebang-command": {
      "version": "2.0.0",
      "resolved": "https://registry.npmjs.org/shebang-command/-/shebang-command-2.0.0.tgz",
      "integrity": "sha512-kHxr2zZpYtdmrN1qDjrrX/Z1rR1kG8Dx+gkpK1G4eXmvXswmcE1hTWBWYUzlraYw1/yZp6YuDY77YtvbN0dmDA==",
      "license": "MIT",
      "dependencies": {
        "shebang-regex": "^3.0.0"
      },
      "engines": {
        "node": ">=8"
      }
    },
    "node_modules/shebang-regex": {
      "version": "3.0.0",
      "resolved": "https://registry.npmjs.org/shebang-regex/-/shebang-regex-3.0.0.tgz",
      "integrity": "sha512-7++dFhtcx3353uBaq8DDR4NuxBetBzC7ZQOhmTQInHEd6bSrXdiEyzCvG07Z44UYdLShWUyXt5M/yhz8ekcb1A==",
      "license": "MIT",
      "engines": {
        "node": ">=8"
      }
    },
    "node_modules/which": {
      "version": "2.0.2",
      "resolved": "https://registry.npmjs.org/which/-/which-2.0.2.tgz",
      "integrity": "sha512-BLI3Tl1TW3Pvl70l3yq3Y64i+awpwXqsGBYWkkqMtnbXgrMD+yj7rhW0kuEDxzJaYXGjEW5ogapKNMEKNMjibA==",
      "license": "ISC",
      "dependencies": {
        "isexe": "^2.0.0"
      },
      "bin": {
        "node-which": "bin/node-which"
      },
      "engines": {
        "node": ">= 8"
      }
    },
    "node_modules/zod": {
      "version": "4.1.8",
      "license": "MIT",
      "funding": {
        "url": "https://github.com/sponsors/colinhacks"
      }
    }
  }
}
