{
  "name": "opencode",
  "lockfileVersion": 3,
  "requires": true,
  "packages": {
    "": {
      "dependencies": {
        "@opencode-ai/plugin": "1.2.27",
        "opencode-ai": "^1.3.17"
      }
    },
    "node_modules/@opencode-ai/plugin": {
      "version": "1.2.27",
      "license": "MIT",
      "dependencies": {
        "@opencode-ai/sdk": "1.2.27",
        "zod": "4.1.8"
      }
    },
    "node_modules/@opencode-ai/sdk": {
      "version": "1.2.27",
      "license": "MIT"
    },
    "node_modules/opencode-ai": {
      "version": "1.3.17",
      "resolved": "https://registry.npmjs.org/opencode-ai/-/opencode-ai-1.3.17.tgz",
      "integrity": "sha512-2Awq2za4kLPG9wxFHFmqcmoveTSTeyq7Q3GJ8PoQahjWU17yCjuyJUclouFULzaZgqA8atHOyT/3eUHigMc8Cw==",
      "hasInstallScript": true,
      "license": "MIT",
      "bin": {
        "opencode": "bin/opencode"
      },
      "optionalDependencies": {
        "opencode-darwin-arm64": "1.3.17",
        "opencode-darwin-x64": "1.3.17",
        "opencode-darwin-x64-baseline": "1.3.17",
        "opencode-linux-arm64": "1.3.17",
        "opencode-linux-arm64-musl": "1.3.17",
        "opencode-linux-x64": "1.3.17",
        "opencode-linux-x64-baseline": "1.3.17",
        "opencode-linux-x64-baseline-musl": "1.3.17",
        "opencode-linux-x64-musl": "1.3.17",
        "opencode-windows-arm64": "1.3.17",
        "opencode-windows-x64": "1.3.17",
        "opencode-windows-x64-baseline": "1.3.17"
      }
    },
    "node_modules/opencode-darwin-arm64": {
      "version": "1.3.17",
      "resolved": "https://registry.npmjs.org/opencode-darwin-arm64/-/opencode-darwin-arm64-1.3.17.tgz",
      "integrity": "sha512-aaMXeNQRPLdGPoxULFty1kxYxT2qPXCiqftYbLF2SQN9Xjq8BR3BjA766ncae1hdiDJJAe1CSpWDbobn5K+oyA==",
      "cpu": [
        "arm64"
      ],
      "optional": true,
      "os": [
        "darwin"
      ]
    },
    "node_modules/opencode-darwin-x64": {
      "version": "1.3.17",
      "resolved": "https://registry.npmjs.org/opencode-darwin-x64/-/opencode-darwin-x64-1.3.17.tgz",
      "integrity": "sha512-fMlnOCtaMnwimdP81a3F7QK9GUwhrQnxaKuUZk31wYcGBGQKgSSdy2xK8CRLcaHEV8gLxSlcGJj7g4NTOrC9Tw==",
      "cpu": [
        "x64"
      ],
      "optional": true,
      "os": [
        "darwin"
      ]
    },
    "node_modules/opencode-darwin-x64-baseline": {
      "version": "1.3.17",
      "resolved": "https://registry.npmjs.org/opencode-darwin-x64-baseline/-/opencode-darwin-x64-baseline-1.3.17.tgz",
      "integrity": "sha512-ftEiCwzl6OjIqpXD075lHWHT1YKJjNDPvL1XlLDv86Wt4Noc818fl1lOWwg/LkNL04LoXD2oa3NGOJZYzd6STQ==",
      "cpu": [
        "x64"
      ],
      "optional": true,
      "os": [
        "darwin"
      ]
    },
    "node_modules/opencode-linux-arm64": {
      "version": "1.3.17",
      "resolved": "https://registry.npmjs.org/opencode-linux-arm64/-/opencode-linux-arm64-1.3.17.tgz",
      "integrity": "sha512-gd4kndxNwYi9kINyrTItY35M7UZ4jAXMxbbdbFnUBFYI009uv4bgNofnZnVOAFfjc0/PpxSgdNn9eHDjlJEdJQ==",
      "cpu": [
        "arm64"
      ],
      "optional": true,
      "os": [
        "linux"
      ]
    },
    "node_modules/opencode-linux-arm64-musl": {
      "version": "1.3.17",
      "resolved": "https://registry.npmjs.org/opencode-linux-arm64-musl/-/opencode-linux-arm64-musl-1.3.17.tgz",
      "integrity": "sha512-clD6K35+pP60xLiqCJFTTTpDK2XFahOlSo8TQckXCvCnYYwMqdK9sOO7uzDHLNyPIGLKiYNZTxqVazuGnbGmYQ==",
      "cpu": [
        "arm64"
      ],
      "optional": true,
      "os": [
        "linux"
      ]
    },
    "node_modules/opencode-linux-x64": {
      "version": "1.3.17",
      "resolved": "https://registry.npmjs.org/opencode-linux-x64/-/opencode-linux-x64-1.3.17.tgz",
      "integrity": "sha512-FmoKpX+g78qi4MPvRMWZMZZYKVuH7qkNFXEqGUb0wtixvwuWYvqmUeF9D0GLM/rZnGA33sW6nCkro8aCuyR0Bw==",
      "cpu": [
        "x64"
      ],
      "optional": true,
      "os": [
        "linux"
      ]
    },
    "node_modules/opencode-linux-x64-baseline": {
      "version": "1.3.17",
      "resolved": "https://registry.npmjs.org/opencode-linux-x64-baseline/-/opencode-linux-x64-baseline-1.3.17.tgz",
      "integrity": "sha512-OIp+jdr9Rus6kAVWgB8cuGMRPFVJdMwQvjOfprbgoM2KUIjgXKsXgyCmetKZIH/iadmVffjv7p6QrYWFDh6cBA==",
      "cpu": [
        "x64"
      ],
      "optional": true,
      "os": [
        "linux"
      ]
    },
    "node_modules/opencode-linux-x64-baseline-musl": {
      "version": "1.3.17",
      "resolved": "https://registry.npmjs.org/opencode-linux-x64-baseline-musl/-/opencode-linux-x64-baseline-musl-1.3.17.tgz",
      "integrity": "sha512-BiNu5B6QfohG+KwNcY3YlKR465DNke0nknRqn3Ke2APp6GghuimlnyEKcji1brhZsdjdembc79KWfQcsHlYsyA==",
      "cpu": [
        "x64"
      ],
      "optional": true,
      "os": [
        "linux"
      ]
    },
    "node_modules/opencode-linux-x64-musl": {
      "version": "1.3.17",
      "resolved": "https://registry.npmjs.org/opencode-linux-x64-musl/-/opencode-linux-x64-musl-1.3.17.tgz",
      "integrity": "sha512-/GfRB+vuadE6KAM0kxPQHno3ywxBfiRJp5uZLLKSGAEunXo9az1wkmSR97g4tnxHD4F59hjYOloK9XQQIDwgog==",
      "cpu": [
        "x64"
      ],
      "optional": true,
      "os": [
        "linux"
      ]
    },
    "node_modules/opencode-windows-arm64": {
      "version": "1.3.17",
      "resolved": "https://registry.npmjs.org/opencode-windows-arm64/-/opencode-windows-arm64-1.3.17.tgz",
      "integrity": "sha512-gXZ+JKwCUZ9yjVilvnn6zg5vvRy0oPgqIO6qyfvXiLXV+UWJaSTlXl6/4CeXOkvvYeXhLdCtIFii2jbQJjHR3g==",
      "cpu": [
        "arm64"
      ],
      "optional": true,
      "os": [
        "win32"
      ]
    },
    "node_modules/opencode-windows-x64": {
      "version": "1.3.17",
      "resolved": "https://registry.npmjs.org/opencode-windows-x64/-/opencode-windows-x64-1.3.17.tgz",
      "integrity": "sha512-+arPhczUa5NBH/thsKAxLmXgkB2WAxtj8Dd293GJZBBEXRhWF1jsXbLvGLY3qDBbvXm9XR7CkJqL1at344pQLw==",
      "cpu": [
        "x64"
      ],
      "optional": true,
      "os": [
        "win32"
      ]
    },
    "node_modules/opencode-windows-x64-baseline": {
      "version": "1.3.17",
      "resolved": "https://registry.npmjs.org/opencode-windows-x64-baseline/-/opencode-windows-x64-baseline-1.3.17.tgz",
      "integrity": "sha512-Q61MuJBTt+qLyClTEaqbCHh3Fivx0eZ1vHKlhEk7MfIdP/LoDbvSitNRUgtsU/C+ct5Y+c6JXOlxlaFFpqybeA==",
      "cpu": [
        "x64"
      ],
      "optional": true,
      "os": [
        "win32"
      ]
    },
    "node_modules/zod": {
      "version": "4.1.8",
      "license": "MIT",
      "funding": {
        "url": "https://github.com/sponsors/colinhacks"
      }
    }
  }
}
